
Microsoft Visual Studio Solution File, Format Version 12.00
# Visual Studio Version 16
VisualStudioVersion = 16.0.28627.84
MinimumVisualStudioVersion = 10.0.40219.1
Project("{FAE04EC0-301F-11D3-BF4B-00C04F79EFBC}") = "PublicSurfaceArea", "PublicSurfaceArea.csproj", "{63AC09B0-D664-4493-9C17-E394ABF013E9}"
EndProject
Global
	GlobalSection(SolutionConfigurationPlatforms) = preSolution
		Debug|Any CPU = Debug|Any CPU
		Release|Any CPU = Release|Any CPU
	EndGlobalSection
	GlobalSection(ProjectConfigurationPlatforms) = postSolution
		{63AC09B0-D664-4493-9C17-E394ABF013E9}.Debug|Any CPU.ActiveCfg = Debug|Any CPU
		{63AC09B0-D664-4493-9C17-E394ABF013E9}.Debug|Any CPU.Build.0 = Debug|Any CPU
		{63AC09B0-D664-4493-9C17-E394ABF013E9}.Release|Any CPU.ActiveCfg = Release|Any CPU
		{63AC09B0-D664-4493-9C17-E394ABF013E9}.Release|Any CPU.Build.0 = Release|Any CPU
	EndGlobalSection
	GlobalSection(SolutionProperties) = preSolution
		HideSolutionNode = FALSE
	EndGlobalSection
	GlobalSection(ExtensibilityGlobals) = postSolution
		SolutionGuid = {761F4147-60AE-46E3-9CC8-88CAA1AFDF50}
	EndGlobalSection
EndGlobal
